
Microsoft Visual Studio Solution File, Format Version 12.00
# Visual Studio Version 17
VisualStudioVersion = 17.7.34024.191
MinimumVisualStudioVersion = 10.0.40219.1
Project("{FAE04EC0-301F-11D3-BF4B-00C04F79EFBC}") = "WeLearnOnine_Website", "WeLearnOnine_Website\WeLearnOnine_Website.csproj", "{F7906768-0413-4C6F-B55A-B4DC69751037}"
EndProject
Global
	GlobalSection(SolutionConfigurationPlatforms) = preSolution
		Debug|Any CPU = Debug|Any CPU
		Release|Any CPU = Release|Any CPU
	EndGlobalSection
	GlobalSection(ProjectConfigurationPlatforms) = postSolution
		{F7906768-0413-4C6F-B55A-B4DC69751037}.Debug|Any CPU.ActiveCfg = Debug|Any CPU
		{F7906768-0413-4C6F-B55A-B4DC69751037}.Debug|Any CPU.Build.0 = Debug|Any CPU
		{F7906768-0413-4C6F-B55A-B4DC69751037}.Release|Any CPU.ActiveCfg = Release|Any CPU
		{F7906768-0413-4C6F-B55A-B4DC69751037}.Release|Any CPU.Build.0 = Release|Any CPU
	EndGlobalSection
	GlobalSection(SolutionProperties) = preSolution
		HideSolutionNode = FALSE
	EndGlobalSection
	GlobalSection(ExtensibilityGlobals) = postSolution
		SolutionGuid = {28FD2B33-89E8-40AC-8DC6-234B15480F55}
	EndGlobalSection
EndGlobal
